
Microsoft Visual Studio Solution File, Format Version 12.00
# Visual Studio Version 17
VisualStudioVersion = 17.4.33205.214
MinimumVisualStudioVersion = 10.0.40219.1
Project("{FAE04EC0-301F-11D3-BF4B-00C04F79EFBC}") = "Mvc_crud_Operation", "Mvc_crud_Operation\Mvc_crud_Operation.csproj", "{3B916F0E-470A-40FE-ACE3-008F324B860E}"
EndProject
Global
	GlobalSection(SolutionConfigurationPlatforms) = preSolution
		Debug|Any CPU = Debug|Any CPU
		Release|Any CPU = Release|Any CPU
	EndGlobalSection
	GlobalSection(ProjectConfigurationPlatforms) = postSolution
		{3B916F0E-470A-40FE-ACE3-008F324B860E}.Debug|Any CPU.ActiveCfg = Debug|Any CPU
		{3B916F0E-470A-40FE-ACE3-008F324B860E}.Debug|Any CPU.Build.0 = Debug|Any CPU
		{3B916F0E-470A-40FE-ACE3-008F324B860E}.Release|Any CPU.ActiveCfg = Release|Any CPU
		{3B916F0E-470A-40FE-ACE3-008F324B860E}.Release|Any CPU.Build.0 = Release|Any CPU
	EndGlobalSection
	GlobalSection(SolutionProperties) = preSolution
		HideSolutionNode = FALSE
	EndGlobalSection
	GlobalSection(ExtensibilityGlobals) = postSolution
		SolutionGuid = {3A1CEF18-B4F9-4490-979A-444AD9463B88}
	EndGlobalSection
EndGlobal
