
Microsoft Visual Studio Solution File, Format Version 12.00
# Visual Studio Version 17
VisualStudioVersion = 17.4.33205.214
MinimumVisualStudioVersion = 10.0.40219.1
Project("{FAE04EC0-301F-11D3-BF4B-00C04F79EFBC}") = "crud2", "crud2\crud2.csproj", "{3BDDD235-0669-4DD4-B1C2-FD4AACBB356B}"
EndProject
Global
	GlobalSection(SolutionConfigurationPlatforms) = preSolution
		Debug|Any CPU = Debug|Any CPU
		Release|Any CPU = Release|Any CPU
	EndGlobalSection
	GlobalSection(ProjectConfigurationPlatforms) = postSolution
		{3BDDD235-0669-4DD4-B1C2-FD4AACBB356B}.Debug|Any CPU.ActiveCfg = Debug|Any CPU
		{3BDDD235-0669-4DD4-B1C2-FD4AACBB356B}.Debug|Any CPU.Build.0 = Debug|Any CPU
		{3BDDD235-0669-4DD4-B1C2-FD4AACBB356B}.Release|Any CPU.ActiveCfg = Release|Any CPU
		{3BDDD235-0669-4DD4-B1C2-FD4AACBB356B}.Release|Any CPU.Build.0 = Release|Any CPU
	EndGlobalSection
	GlobalSection(SolutionProperties) = preSolution
		HideSolutionNode = FALSE
	EndGlobalSection
	GlobalSection(ExtensibilityGlobals) = postSolution
		SolutionGuid = {2A3A9564-02D1-46DE-8F66-3EE2527E4541}
	EndGlobalSection
EndGlobal
